
Microsoft Visual Studio Solution File, Format Version 12.00
# Visual Studio Version 17
VisualStudioVersion = 17.5.33424.131
MinimumVisualStudioVersion = 10.0.40219.1
Project("{F184B08F-C81C-45F6-A57F-5ABD9991F28F}") = "OMSI-Content-Tool", "OMSI-Content-Tool\OMSI-Content-Tool.vbproj", "{2BD388CB-1197-4A7A-BBE0-93D6DD4334A3}"
EndProject
Project("{2150E333-8FDC-42A3-9474-1A3956D46DE8}") = "Solution Items", "Solution Items", "{83627241-30F8-4E85-8559-9F3AD1EF2A05}"
	ProjectSection(SolutionItems) = preProject
		OMSI-Content-Tool\Dot.png = OMSI-Content-Tool\Dot.png
	EndProjectSection
EndProject
Project("{54435603-DBB4-11D2-8724-00A0C9A8B90C}") = "OMSI-Content-Tool_Setup", "OMSI-Content-Tool_Setup\OMSI-Content-Tool_Setup.vdproj", "{EAFCE256-0623-42C4-BF21-D76DB34254A5}"
EndProject
Global
	GlobalSection(SolutionConfigurationPlatforms) = preSolution
		Debug|Any CPU = Debug|Any CPU
		Release|Any CPU = Release|Any CPU
	EndGlobalSection
	GlobalSection(ProjectConfigurationPlatforms) = postSolution
		{2BD388CB-1197-4A7A-BBE0-93D6DD4334A3}.Debug|Any CPU.ActiveCfg = Debug|Any CPU
		{2BD388CB-1197-4A7A-BBE0-93D6DD4334A3}.Debug|Any CPU.Build.0 = Debug|Any CPU
		{2BD388CB-1197-4A7A-BBE0-93D6DD4334A3}.Release|Any CPU.ActiveCfg = Debug|Any CPU
		{2BD388CB-1197-4A7A-BBE0-93D6DD4334A3}.Release|Any CPU.Build.0 = Debug|Any CPU
		{EAFCE256-0623-42C4-BF21-D76DB34254A5}.Debug|Any CPU.ActiveCfg = Debug
		{EAFCE256-0623-42C4-BF21-D76DB34254A5}.Release|Any CPU.ActiveCfg = Debug
	EndGlobalSection
	GlobalSection(SolutionProperties) = preSolution
		HideSolutionNode = FALSE
	EndGlobalSection
	GlobalSection(ExtensibilityGlobals) = postSolution
		SolutionGuid = {C9480B97-A815-4ACD-9F09-0DF7C623ED66}
	EndGlobalSection
EndGlobal
